
Microsoft Visual Studio Solution File, Format Version 12.00
# Visual Studio 15
VisualStudioVersion = 15.0.27703.2047
MinimumVisualStudioVersion = 10.0.40219.1
Project("{8BC9CEB8-8B4A-11D0-8D11-00A0C91BC942}") = "introccpjuanM", "introccpjuanM\introccpjuanM.vcxproj", "{7A8C137C-191C-42D9-8A50-0AB68109F097}"
EndProject
Project("{8BC9CEB8-8B4A-11D0-8D11-00A0C91BC942}") = "Variables", "Variables\Variables.vcxproj", "{14EB407C-C289-4F97-A11A-79D7E455A10A}"
EndProject
Project("{8BC9CEB8-8B4A-11D0-8D11-00A0C91BC942}") = "Conditional_Statements", "Project1\Project1.vcxproj", "{BD9CF4A7-BA06-47FA-B69C-0E2DB7A87F2D}"
EndProject
Project("{8BC9CEB8-8B4A-11D0-8D11-00A0C91BC942}") = "Loops", "Loops\Loops.vcxproj", "{12518D1F-75F2-4D51-B2C5-A4B1BB62DBB3}"
EndProject
Project("{8BC9CEB8-8B4A-11D0-8D11-00A0C91BC942}") = "arrays2", "arrays2\arrays2.vcxproj", "{BA67C5D3-E64C-45B8-89EE-4B09D6D987BE}"
EndProject
Project("{8BC9CEB8-8B4A-11D0-8D11-00A0C91BC942}") = "CharArray", "CharArray\CharArray.vcxproj", "{3642C5EF-5E84-4A8D-937E-F77EBCB6D830}"
EndProject
Project("{8BC9CEB8-8B4A-11D0-8D11-00A0C91BC942}") = "arrayLoopsTest", "arrayLoopsTest\arrayLoopsTest.vcxproj", "{B387043F-8359-47C1-8E32-82AD318512F9}"
EndProject
Project("{8BC9CEB8-8B4A-11D0-8D11-00A0C91BC942}") = "funct", "funct\funct.vcxproj", "{077C7E91-E059-4108-9A26-3BD180703351}"
EndProject
Project("{8BC9CEB8-8B4A-11D0-8D11-00A0C91BC942}") = "rec", "rec\rec.vcxproj", "{01BB33AE-017B-42E2-809D-5B06BC0BC282}"
EndProject
Project("{8BC9CEB8-8B4A-11D0-8D11-00A0C91BC942}") = "Structs", "Structs\Structs.vcxproj", "{B9B51D03-2B52-4AE6-A56F-1D0554596819}"
EndProject
Project("{8BC9CEB8-8B4A-11D0-8D11-00A0C91BC942}") = "P2M", "P2M\P2M.vcxproj", "{3650113B-99CD-4FC6-9D04-344BF80CB7BE}"
EndProject
Project("{8BC9CEB8-8B4A-11D0-8D11-00A0C91BC942}") = "Ref", "Ref\Ref.vcxproj", "{427D548F-AE2C-4864-B8E6-4C4B0ACFB52B}"
EndProject
Global
	GlobalSection(SolutionConfigurationPlatforms) = preSolution
		Debug|x64 = Debug|x64
		Debug|x86 = Debug|x86
		Release|x64 = Release|x64
		Release|x86 = Release|x86
	EndGlobalSection
	GlobalSection(ProjectConfigurationPlatforms) = postSolution
		{7A8C137C-191C-42D9-8A50-0AB68109F097}.Debug|x64.ActiveCfg = Debug|x64
		{7A8C137C-191C-42D9-8A50-0AB68109F097}.Debug|x64.Build.0 = Debug|x64
		{7A8C137C-191C-42D9-8A50-0AB68109F097}.Debug|x86.ActiveCfg = Debug|Win32
		{7A8C137C-191C-42D9-8A50-0AB68109F097}.Debug|x86.Build.0 = Debug|Win32
		{7A8C137C-191C-42D9-8A50-0AB68109F097}.Release|x64.ActiveCfg = Release|x64
		{7A8C137C-191C-42D9-8A50-0AB68109F097}.Release|x64.Build.0 = Release|x64
		{7A8C137C-191C-42D9-8A50-0AB68109F097}.Release|x86.ActiveCfg = Release|Win32
		{7A8C137C-191C-42D9-8A50-0AB68109F097}.Release|x86.Build.0 = Release|Win32
		{14EB407C-C289-4F97-A11A-79D7E455A10A}.Debug|x64.ActiveCfg = Debug|x64
		{14EB407C-C289-4F97-A11A-79D7E455A10A}.Debug|x64.Build.0 = Debug|x64
		{14EB407C-C289-4F97-A11A-79D7E455A10A}.Debug|x86.ActiveCfg = Debug|Win32
		{14EB407C-C289-4F97-A11A-79D7E455A10A}.Debug|x86.Build.0 = Debug|Win32
		{14EB407C-C289-4F97-A11A-79D7E455A10A}.Release|x64.ActiveCfg = Release|x64
		{14EB407C-C289-4F97-A11A-79D7E455A10A}.Release|x64.Build.0 = Release|x64
		{14EB407C-C289-4F97-A11A-79D7E455A10A}.Release|x86.ActiveCfg = Release|Win32
		{14EB407C-C289-4F97-A11A-79D7E455A10A}.Release|x86.Build.0 = Release|Win32
		{BD9CF4A7-BA06-47FA-B69C-0E2DB7A87F2D}.Debug|x64.ActiveCfg = Debug|x64
		{BD9CF4A7-BA06-47FA-B69C-0E2DB7A87F2D}.Debug|x64.Build.0 = Debug|x64
		{BD9CF4A7-BA06-47FA-B69C-0E2DB7A87F2D}.Debug|x86.ActiveCfg = Debug|Win32
		{BD9CF4A7-BA06-47FA-B69C-0E2DB7A87F2D}.Debug|x86.Build.0 = Debug|Win32
		{BD9CF4A7-BA06-47FA-B69C-0E2DB7A87F2D}.Release|x64.ActiveCfg = Release|x64
		{BD9CF4A7-BA06-47FA-B69C-0E2DB7A87F2D}.Release|x64.Build.0 = Release|x64
		{BD9CF4A7-BA06-47FA-B69C-0E2DB7A87F2D}.Release|x86.ActiveCfg = Release|Win32
		{BD9CF4A7-BA06-47FA-B69C-0E2DB7A87F2D}.Release|x86.Build.0 = Release|Win32
		{12518D1F-75F2-4D51-B2C5-A4B1BB62DBB3}.Debug|x64.ActiveCfg = Debug|x64
		{12518D1F-75F2-4D51-B2C5-A4B1BB62DBB3}.Debug|x64.Build.0 = Debug|x64
		{12518D1F-75F2-4D51-B2C5-A4B1BB62DBB3}.Debug|x86.ActiveCfg = Debug|Win32
		{12518D1F-75F2-4D51-B2C5-A4B1BB62DBB3}.Debug|x86.Build.0 = Debug|Win32
		{12518D1F-75F2-4D51-B2C5-A4B1BB62DBB3}.Release|x64.ActiveCfg = Release|x64
		{12518D1F-75F2-4D51-B2C5-A4B1BB62DBB3}.Release|x64.Build.0 = Release|x64
		{12518D1F-75F2-4D51-B2C5-A4B1BB62DBB3}.Release|x86.ActiveCfg = Release|Win32
		{12518D1F-75F2-4D51-B2C5-A4B1BB62DBB3}.Release|x86.Build.0 = Release|Win32
		{BA67C5D3-E64C-45B8-89EE-4B09D6D987BE}.Debug|x64.ActiveCfg = Debug|x64
		{BA67C5D3-E64C-45B8-89EE-4B09D6D987BE}.Debug|x64.Build.0 = Debug|x64
		{BA67C5D3-E64C-45B8-89EE-4B09D6D987BE}.Debug|x86.ActiveCfg = Debug|Win32
		{BA67C5D3-E64C-45B8-89EE-4B09D6D987BE}.Debug|x86.Build.0 = Debug|Win32
		{BA67C5D3-E64C-45B8-89EE-4B09D6D987BE}.Release|x64.ActiveCfg = Release|x64
		{BA67C5D3-E64C-45B8-89EE-4B09D6D987BE}.Release|x64.Build.0 = Release|x64
		{BA67C5D3-E64C-45B8-89EE-4B09D6D987BE}.Release|x86.ActiveCfg = Release|Win32
		{BA67C5D3-E64C-45B8-89EE-4B09D6D987BE}.Release|x86.Build.0 = Release|Win32
		{3642C5EF-5E84-4A8D-937E-F77EBCB6D830}.Debug|x64.ActiveCfg = Debug|x64
		{3642C5EF-5E84-4A8D-937E-F77EBCB6D830}.Debug|x64.Build.0 = Debug|x64
		{3642C5EF-5E84-4A8D-937E-F77EBCB6D830}.Debug|x86.ActiveCfg = Debug|Win32
		{3642C5EF-5E84-4A8D-937E-F77EBCB6D830}.Debug|x86.Build.0 = Debug|Win32
		{3642C5EF-5E84-4A8D-937E-F77EBCB6D830}.Release|x64.ActiveCfg = Release|x64
		{3642C5EF-5E84-4A8D-937E-F77EBCB6D830}.Release|x64.Build.0 = Release|x64
		{3642C5EF-5E84-4A8D-937E-F77EBCB6D830}.Release|x86.ActiveCfg = Release|Win32
		{3642C5EF-5E84-4A8D-937E-F77EBCB6D830}.Release|x86.Build.0 = Release|Win32
		{B387043F-8359-47C1-8E32-82AD318512F9}.Debug|x64.ActiveCfg = Debug|x64
		{B387043F-8359-47C1-8E32-82AD318512F9}.Debug|x64.Build.0 = Debug|x64
		{B387043F-8359-47C1-8E32-82AD318512F9}.Debug|x86.ActiveCfg = Debug|Win32
		{B387043F-8359-47C1-8E32-82AD318512F9}.Debug|x86.Build.0 = Debug|Win32
		{B387043F-8359-47C1-8E32-82AD318512F9}.Release|x64.ActiveCfg = Release|x64
		{B387043F-8359-47C1-8E32-82AD318512F9}.Release|x64.Build.0 = Release|x64
		{B387043F-8359-47C1-8E32-82AD318512F9}.Release|x86.ActiveCfg = Release|Win32
		{B387043F-8359-47C1-8E32-82AD318512F9}.Release|x86.Build.0 = Release|Win32
		{077C7E91-E059-4108-9A26-3BD180703351}.Debug|x64.ActiveCfg = Debug|x64
		{077C7E91-E059-4108-9A26-3BD180703351}.Debug|x64.Build.0 = Debug|x64
		{077C7E91-E059-4108-9A26-3BD180703351}.Debug|x86.ActiveCfg = Debug|Win32
		{077C7E91-E059-4108-9A26-3BD180703351}.Debug|x86.Build.0 = Debug|Win32
		{077C7E91-E059-4108-9A26-3BD180703351}.Release|x64.ActiveCfg = Release|x64
		{077C7E91-E059-4108-9A26-3BD180703351}.Release|x64.Build.0 = Release|x64
		{077C7E91-E059-4108-9A26-3BD180703351}.Release|x86.ActiveCfg = Release|Win32
		{077C7E91-E059-4108-9A26-3BD180703351}.Release|x86.Build.0 = Release|Win32
		{01BB33AE-017B-42E2-809D-5B06BC0BC282}.Debug|x64.ActiveCfg = Debug|x64
		{01BB33AE-017B-42E2-809D-5B06BC0BC282}.Debug|x64.Build.0 = Debug|x64
		{01BB33AE-017B-42E2-809D-5B06BC0BC282}.Debug|x86.ActiveCfg = Debug|Win32
		{01BB33AE-017B-42E2-809D-5B06BC0BC282}.Debug|x86.Build.0 = Debug|Win32
		{01BB33AE-017B-42E2-809D-5B06BC0BC282}.Release|x64.ActiveCfg = Release|x64
		{01BB33AE-017B-42E2-809D-5B06BC0BC282}.Release|x64.Build.0 = Release|x64
		{01BB33AE-017B-42E2-809D-5B06BC0BC282}.Release|x86.ActiveCfg = Release|Win32
		{01BB33AE-017B-42E2-809D-5B06BC0BC282}.Release|x86.Build.0 = Release|Win32
		{B9B51D03-2B52-4AE6-A56F-1D0554596819}.Debug|x64.ActiveCfg = Debug|x64
		{B9B51D03-2B52-4AE6-A56F-1D0554596819}.Debug|x64.Build.0 = Debug|x64
		{B9B51D03-2B52-4AE6-A56F-1D0554596819}.Debug|x86.ActiveCfg = Debug|Win32
		{B9B51D03-2B52-4AE6-A56F-1D0554596819}.Debug|x86.Build.0 = Debug|Win32
		{B9B51D03-2B52-4AE6-A56F-1D0554596819}.Release|x64.ActiveCfg = Release|x64
		{B9B51D03-2B52-4AE6-A56F-1D0554596819}.Release|x64.Build.0 = Release|x64
		{B9B51D03-2B52-4AE6-A56F-1D0554596819}.Release|x86.ActiveCfg = Release|Win32
		{B9B51D03-2B52-4AE6-A56F-1D0554596819}.Release|x86.Build.0 = Release|Win32
		{3650113B-99CD-4FC6-9D04-344BF80CB7BE}.Debug|x64.ActiveCfg = Debug|x64
		{3650113B-99CD-4FC6-9D04-344BF80CB7BE}.Debug|x64.Build.0 = Debug|x64
		{3650113B-99CD-4FC6-9D04-344BF80CB7BE}.Debug|x86.ActiveCfg = Debug|Win32
		{3650113B-99CD-4FC6-9D04-344BF80CB7BE}.Debug|x86.Build.0 = Debug|Win32
		{3650113B-99CD-4FC6-9D04-344BF80CB7BE}.Release|x64.ActiveCfg = Release|x64
		{3650113B-99CD-4FC6-9D04-344BF80CB7BE}.Release|x64.Build.0 = Release|x64
		{3650113B-99CD-4FC6-9D04-344BF80CB7BE}.Release|x86.ActiveCfg = Release|Win32
		{3650113B-99CD-4FC6-9D04-344BF80CB7BE}.Release|x86.Build.0 = Release|Win32
		{427D548F-AE2C-4864-B8E6-4C4B0ACFB52B}.Debug|x64.ActiveCfg = Debug|x64
		{427D548F-AE2C-4864-B8E6-4C4B0ACFB52B}.Debug|x64.Build.0 = Debug|x64
		{427D548F-AE2C-4864-B8E6-4C4B0ACFB52B}.Debug|x86.ActiveCfg = Debug|Win32
		{427D548F-AE2C-4864-B8E6-4C4B0ACFB52B}.Debug|x86.Build.0 = Debug|Win32
		{427D548F-AE2C-4864-B8E6-4C4B0ACFB52B}.Release|x64.ActiveCfg = Release|x64
		{427D548F-AE2C-4864-B8E6-4C4B0ACFB52B}.Release|x64.Build.0 = Release|x64
		{427D548F-AE2C-4864-B8E6-4C4B0ACFB52B}.Release|x86.ActiveCfg = Release|Win32
		{427D548F-AE2C-4864-B8E6-4C4B0ACFB52B}.Release|x86.Build.0 = Release|Win32
	EndGlobalSection
	GlobalSection(SolutionProperties) = preSolution
		HideSolutionNode = FALSE
	EndGlobalSection
	GlobalSection(ExtensibilityGlobals) = postSolution
		SolutionGuid = {56CC11CA-F634-421C-90F2-CCED863A907B}
	EndGlobalSection
EndGlobal
